// !$*UTF8*$!
{
	archiveVersion = 1;
	classes = {
	};
	objectVersion = 50;
	objects = {

/* Begin PBXBuildFile section */
		5A19DDD520B304BC0026FF00 /* AppDelegate.swift in Sources */ = {isa = PBXBuildFile; fileRef = 5A19DDD420B304BC0026FF00 /* AppDelegate.swift */; };
		5A19DDD720B304BC0026FF00 /* ViewController.swift in Sources */ = {isa = PBXBuildFile; fileRef = 5A19DDD620B304BC0026FF00 /* ViewController.swift */; };
		5A19DDDA20B304BC0026FF00 /* Main.storyboard in Resources */ = {isa = PBXBuildFile; fileRef = 5A19DDD820B304BC0026FF00 /* Main.storyboard */; };
		5A19DDDC20B304C10026FF00 /* Assets.xcassets in Resources */ = {isa = PBXBuildFile; fileRef = 5A19DDDB20B304C10026FF00 /* Assets.xcassets */; };
		5A19DDDF20B304C10026FF00 /* LaunchScreen.storyboard in Resources */ = {isa = PBXBuildFile; fileRef = 5A19DDDD20B304C10026FF00 /* LaunchScreen.storyboard */; };
		5A19DDE720B304F00026FF00 /* QizJson.json in Resources */ = {isa = PBXBuildFile; fileRef = 5A19DDE620B304F00026FF00 /* QizJson.json */; };
		5A19DDE920B326950026FF00 /* ModelFile.swift in Sources */ = {isa = PBXBuildFile; fileRef = 5A19DDE820B326950026FF00 /* ModelFile.swift */; };
		5A19DDEB20B334070026FF00 /* Constants.swift in Sources */ = {isa = PBXBuildFile; fileRef = 5A19DDEA20B334070026FF00 /* Constants.swift */; };
		5A19DDED20B33C740026FF00 /* ResultViewController.swift in Sources */ = {isa = PBXBuildFile; fileRef = 5A19DDEC20B33C740026FF00 /* ResultViewController.swift */; };
		5A19DDEF20B33C970026FF00 /* ResultTableViewCell.swift in Sources */ = {isa = PBXBuildFile; fileRef = 5A19DDEE20B33C970026FF00 /* ResultTableViewCell.swift */; };
/* End PBXBuildFile section */

/* Begin PBXFileReference section */
		5A19DDD120B304BC0026FF00 /* QuizInterViewApp.app */ = {isa = PBXFileReference; explicitFileType = wrapper.application; includeInIndex = 0; path = QuizInterViewApp.app; sourceTree = BUILT_PRODUCTS_DIR; };
		5A19DDD420B304BC0026FF00 /* AppDelegate.swift */ = {isa = PBXFileReference; lastKnownFileType = sourcecode.swift; path = AppDelegate.swift; sourceTree = "<group>"; };
		5A19DDD620B304BC0026FF00 /* ViewController.swift */ = {isa = PBXFileReference; lastKnownFileType = sourcecode.swift; path = ViewController.swift; sourceTree = "<group>"; };
		5A19DDD920B304BC0026FF00 /* Base */ = {isa = PBXFileReference; lastKnownFileType = file.storyboard; name = Base; path = Base.lproj/Main.storyboard; sourceTree = "<group>"; };
		5A19DDDB20B304C10026FF00 /* Assets.xcassets */ = {isa = PBXFileReference; lastKnownFileType = folder.assetcatalog; path = Assets.xcassets; sourceTree = "<group>"; };
		5A19DDDE20B304C10026FF00 /* Base */ = {isa = PBXFileReference; lastKnownFileType = file.storyboard; name = Base; path = Base.lproj/LaunchScreen.storyboard; sourceTree = "<group>"; };
		5A19DDE020B304C10026FF00 /* Info.plist */ = {isa = PBXFileReference; lastKnownFileType = text.plist.xml; path = Info.plist; sourceTree = "<group>"; };
		5A19DDE620B304F00026FF00 /* QizJson.json */ = {isa = PBXFileReference; lastKnownFileType = text.json; path = QizJson.json; sourceTree = "<group>"; };
		5A19DDE820B326950026FF00 /* ModelFile.swift */ = {isa = PBXFileReference; lastKnownFileType = sourcecode.swift; path = ModelFile.swift; sourceTree = "<group>"; };
		5A19DDEA20B334070026FF00 /* Constants.swift */ = {isa = PBXFileReference; lastKnownFileType = sourcecode.swift; path = Constants.swift; sourceTree = "<group>"; };
		5A19DDEC20B33C740026FF00 /* ResultViewController.swift */ = {isa = PBXFileReference; lastKnownFileType = sourcecode.swift; path = ResultViewController.swift; sourceTree = "<group>"; };
		5A19DDEE20B33C970026FF00 /* ResultTableViewCell.swift */ = {isa = PBXFileReference; lastKnownFileType = sourcecode.swift; path = ResultTableViewCell.swift; sourceTree = "<group>"; };
/* End PBXFileReference section */

/* Begin PBXFrameworksBuildPhase section */
		5A19DDCE20B304BB0026FF00 /* Frameworks */ = {
			isa = PBXFrameworksBuildPhase;
			buildActionMask = 2147483647;
			files = (
			);
			runOnlyForDeploymentPostprocessing = 0;
		};
/* End PBXFrameworksBuildPhase section */

/* Begin PBXGroup section */
		5A19DDC820B304BB0026FF00 = {
			isa = PBXGroup;
			children = (
				5A19DDE620B304F00026FF00 /* QizJson.json */,
				5A19DDD320B304BC0026FF00 /* QuizInterViewApp */,
				5A19DDD220B304BC0026FF00 /* Products */,
			);
			sourceTree = "<group>";
		};
		5A19DDD220B304BC0026FF00 /* Products */ = {
			isa = PBXGroup;
			children = (
				5A19DDD120B304BC0026FF00 /* QuizInterViewApp.app */,
			);
			name = Products;
			sourceTree = "<group>";
		};
		5A19DDD320B304BC0026FF00 /* QuizInterViewApp */ = {
			isa = PBXGroup;
			children = (
				5A19DDD420B304BC0026FF00 /* AppDelegate.swift */,
				5A19DDEA20B334070026FF00 /* Constants.swift */,
				5A19DDE820B326950026FF00 /* ModelFile.swift */,
				5A19DDD620B304BC0026FF00 /* ViewController.swift */,
				5A19DDEC20B33C740026FF00 /* ResultViewController.swift */,
				5A19DDEE20B33C970026FF00 /* ResultTableViewCell.swift */,
				5A19DDD820B304BC0026FF00 /* Main.storyboard */,
				5A19DDDB20B304C10026FF00 /* Assets.xcassets */,
				5A19DDDD20B304C10026FF00 /* LaunchScreen.storyboard */,
				5A19DDE020B304C10026FF00 /* Info.plist */,
			);
			path = QuizInterViewApp;
			sourceTree = "<group>";
		};
/* End PBXGroup section */

/* Begin PBXNativeTarget section */
		5A19DDD020B304BB0026FF00 /* QuizInterViewApp */ = {
			isa = PBXNativeTarget;
			buildConfigurationList = 5A19DDE320B304C10026FF00 /* Build configuration list for PBXNativeTarget "QuizInterViewApp" */;
			buildPhases = (
				5A19DDCD20B304BB0026FF00 /* Sources */,
				5A19DDCE20B304BB0026FF00 /* Frameworks */,
				5A19DDCF20B304BB0026FF00 /* Resources */,
			);
			buildRules = (
			);
			dependencies = (
			);
			name = QuizInterViewApp;
			productName = QuizInterViewApp;
			productReference = 5A19DDD120B304BC0026FF00 /* QuizInterViewApp.app */;
			productType = "com.apple.product-type.application";
		};
/* End PBXNativeTarget section */

/* Begin PBXProject section */
		5A19DDC920B304BB0026FF00 /* Project object */ = {
			isa = PBXProject;
			attributes = {
				LastSwiftUpdateCheck = 0930;
				LastUpgradeCheck = 0930;
				ORGANIZATIONNAME = TechTonic;
				TargetAttributes = {
					5A19DDD020B304BB0026FF00 = {
						CreatedOnToolsVersion = 9.3.1;
					};
				};
			};
			buildConfigurationList = 5A19DDCC20B304BB0026FF00 /* Build configuration list for PBXProject "QuizInterViewApp" */;
			compatibilityVersion = "Xcode 9.3";
			developmentRegion = en;
			hasScannedForEncodings = 0;
			knownRegions = (
				en,
				Base,
			);
			mainGroup = 5A19DDC820B304BB0026FF00;
			productRefGroup = 5A19DDD220B304BC0026FF00 /* Products */;
			projectDirPath = "";
			projectRoot = "";
			targets = (
				5A19DDD020B304BB0026FF00 /* QuizInterViewApp */,
			);
		};
/* End PBXProject section */

/* Begin PBXResourcesBuildPhase section */
		5A19DDCF20B304BB0026FF00 /* Resources */ = {
			isa = PBXResourcesBuildPhase;
			buildActionMask = 2147483647;
			files = (
				5A19DDDF20B304C10026FF00 /* LaunchScreen.storyboard in Resources */,
				5A19DDDC20B304C10026FF00 /* Assets.xcassets in Resources */,
				5A19DDE720B304F00026FF00 /* QizJson.json in Resources */,
				5A19DDDA20B304BC0026FF00 /* Main.storyboard in Resources */,
			);
			runOnlyForDeploymentPostprocessing = 0;
		};
/* End PBXResourcesBuildPhase section */

/* Begin PBXSourcesBuildPhase section */
		5A19DDCD20B304BB0026FF00 /* Sources */ = {
			isa = PBXSourcesBuildPhase;
			buildActionMask = 2147483647;
			files = (
				5A19DDED20B33C740026FF00 /* ResultViewController.swift in Sources */,
				5A19DDE920B326950026FF00 /* ModelFile.swift in Sources */,
				5A19DDD720B304BC0026FF00 /* ViewController.swift in Sources */,
				5A19DDD520B304BC0026FF00 /* AppDelegate.swift in Sources */,
				5A19DDEF20B33C970026FF00 /* ResultTableViewCell.swift in Sources */,
				5A19DDEB20B334070026FF00 /* Constants.swift in Sources */,
			);
			runOnlyForDeploymentPostprocessing = 0;
		};
/* End PBXSourcesBuildPhase section */

/* Begin PBXVariantGroup section */
		5A19DDD820B304BC0026FF00 /* Main.storyboard */ = {
			isa = PBXVariantGroup;
			children = (
				5A19DDD920B304BC0026FF00 /* Base */,
			);
			name = Main.storyboard;
			sourceTree = "<group>";
		};
		5A19DDDD20B304C10026FF00 /* LaunchScreen.storyboard */ = {
			isa = PBXVariantGroup;
			children = (
				5A19DDDE20B304C10026FF00 /* Base */,
			);
			name = LaunchScreen.storyboard;
			sourceTree = "<group>";
		};
/* End PBXVariantGroup section */

/* Begin XCBuildConfiguration section */
		5A19DDE120B304C10026FF00 /* Debug */ = {
			isa = XCBuildConfiguration;
			buildSettings = {
				ALWAYS_SEARCH_USER_PATHS = NO;
				CLANG_ANALYZER_NONNULL = YES;
				CLANG_ANALYZER_NUMBER_OBJECT_CONVERSION = YES_AGGRESSIVE;
				CLANG_CXX_LANGUAGE_STANDARD = "gnu++14";
				CLANG_CXX_LIBRARY = "libc++";
				CLANG_ENABLE_MODULES = YES;
				CLANG_ENABLE_OBJC_ARC = YES;
				CLANG_ENABLE_OBJC_WEAK = YES;
				CLANG_WARN_BLOCK_CAPTURE_AUTORELEASING = YES;
				CLANG_WARN_BOOL_CONVERSION = YES;
				CLANG_WARN_COMMA = YES;
				CLANG_WARN_CONSTANT_CONVERSION = YES;
				CLANG_WARN_DEPRECATED_OBJC_IMPLEMENTATIONS = YES;
				CLANG_WARN_DIRECT_OBJC_ISA_USAGE = YES_ERROR;
				CLANG_WARN_DOCUMENTATION_COMMENTS = YES;
				CLANG_WARN_EMPTY_BODY = YES;
				CLANG_WARN_ENUM_CONVERSION = YES;
				CLANG_WARN_INFINITE_RECURSION = YES;
				CLANG_WARN_INT_CONVERSION = YES;
				CLANG_WARN_NON_LITERAL_NULL_CONVERSION = YES;
				CLANG_WARN_OBJC_IMPLICIT_RETAIN_SELF = YES;
				CLANG_WARN_OBJC_LITERAL_CONVERSION = YES;
				CLANG_WARN_OBJC_ROOT_CLASS = YES_ERROR;
				CLANG_WARN_RANGE_LOOP_ANALYSIS = YES;
				CLANG_WARN_STRICT_PROTOTYPES = YES;
				CLANG_WARN_SUSPICIOUS_MOVE = YES;
				CLANG_WARN_UNGUARDED_AVAILABILITY = YES_AGGRESSIVE;
				CLANG_WARN_UNREACHABLE_CODE = YES;
				CLANG_WARN__DUPLICATE_METHOD_MATCH = YES;
				CODE_SIGN_IDENTITY = "iPhone Developer";
				COPY_PHASE_STRIP = NO;
				DEBUG_INFORMATION_FORMAT = dwarf;
				ENABLE_STRICT_OBJC_MSGSEND = YES;
				ENABLE_TESTABILITY = YES;
				GCC_C_LANGUAGE_STANDARD = gnu11;
				GCC_DYNAMIC_NO_PIC = NO;
				GCC_NO_COMMON_BLOCKS = YES;
				GCC_OPTIMIZATION_LEVEL = 0;
				GCC_PREPROCESSOR_DEFINITIONS = (
					"DEBUG=1",
					"$(inherited)",
				);
				GCC_WARN_64_TO_32_BIT_CONVERSION = YES;
				GCC_WARN_ABOUT_RETURN_TYPE = YES_ERROR;
				GCC_WARN_UNDECLARED_SELECTOR = YES;
				GCC_WARN_UNINITIALIZED_AUTOS = YES_AGGRESSIVE;
				GCC_WARN_UNUSED_FUNCTION = YES;
				GCC_WARN_UNUSED_VARIABLE = YES;
				IPHONEOS_DEPLOYMENT_TARGET = 11.3;
				MTL_ENABLE_DEBUG_INFO = YES;
				ONLY_ACTIVE_ARCH = YES;
				SDKROOT = iphoneos;
				SWIFT_ACTIVE_COMPILATION_CONDITIONS = DEBUG;
				SWIFT_OPTIMIZATION_LEVEL = "-Onone";
			};
			name = Debug;
		};
		5A19DDE220B304C10026FF00 /* Release */ = {
			isa = XCBuildConfiguration;
			buildSettings = {
				ALWAYS_SEARCH_USER_PATHS = NO;
				CLANG_ANALYZER_NONNULL = YES;
				CLANG_ANALYZER_NUMBER_OBJECT_CONVERSION = YES_AGGRESSIVE;
				CLANG_CXX_LANGUAGE_STANDARD = "gnu++14";
				CLANG_CXX_LIBRARY = "libc++";
				CLANG_ENABLE_MODULES = YES;
				CLANG_ENABLE_OBJC_ARC = YES;
				CLANG_ENABLE_OBJC_WEAK = YES;
				CLANG_WARN_BLOCK_CAPTURE_AUTORELEASING = YES;
				CLANG_WARN_BOOL_CONVERSION = YES;
				CLANG_WARN_COMMA = YES;
				CLANG_WARN_CONSTANT_CONVERSION = YES;
				CLANG_WARN_DEPRECATED_OBJC_IMPLEMENTATIONS = YES;
				CLANG_WARN_DIRECT_OBJC_ISA_USAGE = YES_ERROR;
				CLANG_WARN_DOCUMENTATION_COMMENTS = YES;
				CLANG_WARN_EMPTY_BODY = YES;
				CLANG_WARN_ENUM_CONVERSION = YES;
				CLANG_WARN_INFINITE_RECURSION = YES;
				CLANG_WARN_INT_CONVERSION = YES;
				CLANG_WARN_NON_LITERAL_NULL_CONVERSION = YES;
				CLANG_WARN_OBJC_IMPLICIT_RETAIN_SELF = YES;
				CLANG_WARN_OBJC_LITERAL_CONVERSION = YES;
				CLANG_WARN_OBJC_ROOT_CLASS = YES_ERROR;
				CLANG_WARN_RANGE_LOOP_ANALYSIS = YES;
				CLANG_WARN_STRICT_PROTOTYPES = YES;
				CLANG_WARN_SUSPICIOUS_MOVE = YES;
				CLANG_WARN_UNGUARDED_AVAILABILITY = YES_AGGRESSIVE;
				CLANG_WARN_UNREACHABLE_CODE = YES;
				CLANG_WARN__DUPLICATE_METHOD_MATCH = YES;
				CODE_SIGN_IDENTITY = "iPhone Developer";
				COPY_PHASE_STRIP = NO;
				DEBUG_INFORMATION_FORMAT = "dwarf-with-dsym";
				ENABLE_NS_ASSERTIONS = NO;
				ENABLE_STRICT_OBJC_MSGSEND = YES;
				GCC_C_LANGUAGE_STANDARD = gnu11;
				GCC_NO_COMMON_BLOCKS = YES;
				GCC_WARN_64_TO_32_BIT_CONVERSION = YES;
				GCC_WARN_ABOUT_RETURN_TYPE = YES_ERROR;
				GCC_WARN_UNDECLARED_SELECTOR = YES;
				GCC_WARN_UNINITIALIZED_AUTOS = YES_AGGRESSIVE;
				GCC_WARN_UNUSED_FUNCTION = YES;
				GCC_WARN_UNUSED_VARIABLE = YES;
				IPHONEOS_DEPLOYMENT_TARGET = 11.3;
				MTL_ENABLE_DEBUG_INFO = NO;
				SDKROOT = iphoneos;
				SWIFT_COMPILATION_MODE = wholemodule;
				SWIFT_OPTIMIZATION_LEVEL = "-O";
				VALIDATE_PRODUCT = YES;
			};
			name = Release;
		};
		5A19DDE420B304C10026FF00 /* Debug */ = {
			isa = XCBuildConfiguration;
			buildSettings = {
				ASSETCATALOG_COMPILER_APPICON_NAME = AppIcon;
				CODE_SIGN_STYLE = Automatic;
				DEVELOPMENT_TEAM = RDRMVW96A6;
				INFOPLIST_FILE = QuizInterViewApp/Info.plist;
				LD_RUNPATH_SEARCH_PATHS = (
					"$(inherited)",
					"@executable_path/Frameworks",
				);
				PRODUCT_BUNDLE_IDENTIFIER = TechTonic.QuizInterViewApp;
				PRODUCT_NAME = "$(TARGET_NAME)";
				SWIFT_VERSION = 4.0;
				TARGETED_DEVICE_FAMILY = "1,2";
			};
			name = Debug;
		};
		5A19DDE520B304C10026FF00 /* Release */ = {
			isa = XCBuildConfiguration;
			buildSettings = {
				ASSETCATALOG_COMPILER_APPICON_NAME = AppIcon;
				CODE_SIGN_STYLE = Automatic;
				DEVELOPMENT_TEAM = RDRMVW96A6;
				INFOPLIST_FILE = QuizInterViewApp/Info.plist;
				LD_RUNPATH_SEARCH_PATHS = (
					"$(inherited)",
					"@executable_path/Frameworks",
				);
				PRODUCT_BUNDLE_IDENTIFIER = TechTonic.QuizInterViewApp;
				PRODUCT_NAME = "$(TARGET_NAME)";
				SWIFT_VERSION = 4.0;
				TARGETED_DEVICE_FAMILY = "1,2";
			};
			name = Release;
		};
/* End XCBuildConfiguration section */

/* Begin XCConfigurationList section */
		5A19DDCC20B304BB0026FF00 /* Build configuration list for PBXProject "QuizInterViewApp" */ = {
			isa = XCConfigurationList;
			buildConfigurations = (
				5A19DDE120B304C10026FF00 /* Debug */,
				5A19DDE220B304C10026FF00 /* Release */,
			);
			defaultConfigurationIsVisible = 0;
			defaultConfigurationName = Release;
		};
		5A19DDE320B304C10026FF00 /* Build configuration list for PBXNativeTarget "QuizInterViewApp" */ = {
			isa = XCConfigurationList;
			buildConfigurations = (
				5A19DDE420B304C10026FF00 /* Debug */,
				5A19DDE520B304C10026FF00 /* Release */,
			);
			defaultConfigurationIsVisible = 0;
			defaultConfigurationName = Release;
		};
/* End XCConfigurationList section */
	};
	rootObject = 5A19DDC920B304BB0026FF00 /* Project object */;
}
